# This file was autogenerated by Stack.
# You should not edit this file by hand.
# For more information, please see the documentation at:
#   https://docs.haskellstack.org/en/stable/lock_files

packages:
- completed:
    hackage: blockfrost-client-0.7.1.1@sha256:b587247b276023740062a61018cc42dd8307a027fd56a42684c12d594e6f845b,3584
    pantry-tree:
      sha256: 5d66d31bacc3b040fcca8165f4f9fcf0b280bf9792ae4f5f0ec8089a8d3bd150
      size: 1597
  original:
    hackage: blockfrost-client-0.7.1.1
- completed:
    hackage: blockfrost-api-0.8.0.0@sha256:f7f5fa7c291393726d78561d4bb857613634be803446126bf0ec9f9355d1eec0,6711
    pantry-tree:
      sha256: 020e8b19aff882065b9e051242d1041dfeffb9605f385fbd43ba4e4ea294509c
      size: 5782
  original:
    hackage: blockfrost-api-0.8.0.0
- completed:
    hackage: blockfrost-client-core-0.6.0.0@sha256:32d325cf36fcff6cb4a08c41eee176588c20ab0ba8d5884fb0727fa66603600e,2093
    pantry-tree:
      sha256: 3d77889fffad25ee526d54efb6423d45f5391ead2338514986ddeb5ffd43fa22
      size: 695
  original:
    hackage: blockfrost-client-core-0.6.0.0
- completed:
    hackage: QuickCheck-2.14.3@sha256:f03d2f404d5ba465453d0fbc1944832789a759fe7c4f9bf8616bc1378a02fde4,7847
    pantry-tree:
      sha256: e920d61bcc10ef2aee0cc3e2a216d05b8491564ad27c1c5e2fbbb221b00b7f8e
      size: 2315
  original:
    hackage: QuickCheck-2.14.3
snapshots:
- completed:
    sha256: e019cd29e3f7f9dbad500225829a3f7a50f73c674614f2f452e21bb8bf5d99ea
    size: 650253
    url: https://raw.githubusercontent.com/commercialhaskell/stackage-snapshots/master/lts/20/24.yaml
  original:
    url: https://raw.githubusercontent.com/commercialhaskell/stackage-snapshots/master/lts/20/24.yaml
